
Microsoft Visual Studio Solution File, Format Version 12.00
# Visual Studio Version 17
VisualStudioVersion = 17.8.34309.116
MinimumVisualStudioVersion = 10.0.40219.1
Project("{9A19103F-16F7-4668-BE54-9A1E7A4F7556}") = "Engine", "Engine\Engine.csproj", "{54ADBF76-A459-4EF6-9DC6-27662E74C090}"
EndProject
Project("{9A19103F-16F7-4668-BE54-9A1E7A4F7556}") = "ConsoleTest", "Console\ConsoleTest.csproj", "{CD64510B-4664-4203-B6E3-7C3D9E6421B6}"
EndProject
Project("{9A19103F-16F7-4668-BE54-9A1E7A4F7556}") = "Clicker", "Clicker\Clicker.csproj", "{7C06D969-534F-46B5-8267-F81F458744BE}"
EndProject
Global
	GlobalSection(SolutionConfigurationPlatforms) = preSolution
		Debug|Any CPU = Debug|Any CPU
		Release|Any CPU = Release|Any CPU
	EndGlobalSection
	GlobalSection(ProjectConfigurationPlatforms) = postSolution
		{54ADBF76-A459-4EF6-9DC6-27662E74C090}.Debug|Any CPU.ActiveCfg = Debug|Any CPU
		{54ADBF76-A459-4EF6-9DC6-27662E74C090}.Debug|Any CPU.Build.0 = Debug|Any CPU
		{54ADBF76-A459-4EF6-9DC6-27662E74C090}.Release|Any CPU.ActiveCfg = Release|Any CPU
		{54ADBF76-A459-4EF6-9DC6-27662E74C090}.Release|Any CPU.Build.0 = Release|Any CPU
		{CD64510B-4664-4203-B6E3-7C3D9E6421B6}.Debug|Any CPU.ActiveCfg = Debug|Any CPU
		{CD64510B-4664-4203-B6E3-7C3D9E6421B6}.Debug|Any CPU.Build.0 = Debug|Any CPU
		{CD64510B-4664-4203-B6E3-7C3D9E6421B6}.Release|Any CPU.ActiveCfg = Release|Any CPU
		{CD64510B-4664-4203-B6E3-7C3D9E6421B6}.Release|Any CPU.Build.0 = Release|Any CPU
		{7C06D969-534F-46B5-8267-F81F458744BE}.Debug|Any CPU.ActiveCfg = Debug|Any CPU
		{7C06D969-534F-46B5-8267-F81F458744BE}.Debug|Any CPU.Build.0 = Debug|Any CPU
		{7C06D969-534F-46B5-8267-F81F458744BE}.Release|Any CPU.ActiveCfg = Release|Any CPU
		{7C06D969-534F-46B5-8267-F81F458744BE}.Release|Any CPU.Build.0 = Release|Any CPU
	EndGlobalSection
	GlobalSection(SolutionProperties) = preSolution
		HideSolutionNode = FALSE
	EndGlobalSection
	GlobalSection(ExtensibilityGlobals) = postSolution
		SolutionGuid = {8DB97AB5-883B-4E8B-B29A-A786D2918228}
	EndGlobalSection
EndGlobal
